
Microsoft Visual Studio Solution File, Format Version 12.00
# Visual Studio Version 17
VisualStudioVersion = 17.0.31919.166
MinimumVisualStudioVersion = 10.0.40219.1
Project("{9A19103F-16F7-4668-BE54-9A1E7A4F7556}") = "school-management", "school-management\school-management.csproj", "{AA3CBF26-058F-416A-A934-3A1B3C0C302B}"
EndProject
Global
	GlobalSection(SolutionConfigurationPlatforms) = preSolution
		Debug|Any CPU = Debug|Any CPU
		Release|Any CPU = Release|Any CPU
	EndGlobalSection
	GlobalSection(ProjectConfigurationPlatforms) = postSolution
		{AA3CBF26-058F-416A-A934-3A1B3C0C302B}.Debug|Any CPU.ActiveCfg = Debug|Any CPU
		{AA3CBF26-058F-416A-A934-3A1B3C0C302B}.Debug|Any CPU.Build.0 = Debug|Any CPU
		{AA3CBF26-058F-416A-A934-3A1B3C0C302B}.Release|Any CPU.ActiveCfg = Release|Any CPU
		{AA3CBF26-058F-416A-A934-3A1B3C0C302B}.Release|Any CPU.Build.0 = Release|Any CPU
	EndGlobalSection
	GlobalSection(SolutionProperties) = preSolution
		HideSolutionNode = FALSE
	EndGlobalSection
	GlobalSection(ExtensibilityGlobals) = postSolution
		SolutionGuid = {AB35DF3C-E655-4909-AF86-F3D675CF1D1A}
	EndGlobalSection
EndGlobal
